
Microsoft Visual Studio Solution File, Format Version 12.00
# Visual Studio 15
VisualStudioVersion = 15.0.27703.2047
MinimumVisualStudioVersion = 10.0.40219.1
Project("{9A19103F-16F7-4668-BE54-9A1E7A4F7556}") = "MoneyCost", "MoneyCost\MoneyCost.csproj", "{9C8D2D86-4D75-457F-8003-070D28B80A6B}"
EndProject
Project("{FAE04EC0-301F-11D3-BF4B-00C04F79EFBC}") = "WeiXin.Core", "WeiXin.Core\WeiXin.Core.csproj", "{6350FE3B-3382-4F4B-9361-E799D53E6205}"
EndProject
Global
	GlobalSection(SolutionConfigurationPlatforms) = preSolution
		Debug|Any CPU = Debug|Any CPU
		Release|Any CPU = Release|Any CPU
	EndGlobalSection
	GlobalSection(ProjectConfigurationPlatforms) = postSolution
		{9C8D2D86-4D75-457F-8003-070D28B80A6B}.Debug|Any CPU.ActiveCfg = Debug|Any CPU
		{9C8D2D86-4D75-457F-8003-070D28B80A6B}.Debug|Any CPU.Build.0 = Debug|Any CPU
		{9C8D2D86-4D75-457F-8003-070D28B80A6B}.Release|Any CPU.ActiveCfg = Release|Any CPU
		{9C8D2D86-4D75-457F-8003-070D28B80A6B}.Release|Any CPU.Build.0 = Release|Any CPU
		{6350FE3B-3382-4F4B-9361-E799D53E6205}.Debug|Any CPU.ActiveCfg = Debug|Any CPU
		{6350FE3B-3382-4F4B-9361-E799D53E6205}.Debug|Any CPU.Build.0 = Debug|Any CPU
		{6350FE3B-3382-4F4B-9361-E799D53E6205}.Release|Any CPU.ActiveCfg = Release|Any CPU
		{6350FE3B-3382-4F4B-9361-E799D53E6205}.Release|Any CPU.Build.0 = Release|Any CPU
	EndGlobalSection
	GlobalSection(SolutionProperties) = preSolution
		HideSolutionNode = FALSE
	EndGlobalSection
	GlobalSection(ExtensibilityGlobals) = postSolution
		SolutionGuid = {CD84D241-98C8-44A8-8C2B-3FA297C19514}
	EndGlobalSection
EndGlobal
